// !$*UTF8*$!
{
	archiveVersion = 1;
	classes = {
	};
	objectVersion = 46;
	objects = {

/* Begin PBXBuildFile section */
		B884F1B51EF3B1F700A7C394 /* AppDelegate.swift in Sources */ = {isa = PBXBuildFile; fileRef = B884F1B41EF3B1F700A7C394 /* AppDelegate.swift */; };
		B884F1BD1EF3B1F700A7C394 /* App_21.xcdatamodeld in Sources */ = {isa = PBXBuildFile; fileRef = B884F1BB1EF3B1F700A7C394 /* App_21.xcdatamodeld */; };
		B884F1BF1EF3B1F700A7C394 /* Assets.xcassets in Resources */ = {isa = PBXBuildFile; fileRef = B884F1BE1EF3B1F700A7C394 /* Assets.xcassets */; };
		B884F1C21EF3B1F700A7C394 /* LaunchScreen.storyboard in Resources */ = {isa = PBXBuildFile; fileRef = B884F1C01EF3B1F700A7C394 /* LaunchScreen.storyboard */; };
		B884F1CC1EF6BB6700A7C394 /* thanksScreenVC.swift in Sources */ = {isa = PBXBuildFile; fileRef = B884F1CB1EF6BB6700A7C394 /* thanksScreenVC.swift */; };
/* End PBXBuildFile section */

/* Begin PBXFileReference section */
		B884F1B11EF3B1F700A7C394 /* App 21.app */ = {isa = PBXFileReference; explicitFileType = wrapper.application; includeInIndex = 0; path = "App 21.app"; sourceTree = BUILT_PRODUCTS_DIR; };
		B884F1B41EF3B1F700A7C394 /* AppDelegate.swift */ = {isa = PBXFileReference; lastKnownFileType = sourcecode.swift; path = AppDelegate.swift; sourceTree = "<group>"; };
		B884F1BC1EF3B1F700A7C394 /* App_21.xcdatamodel */ = {isa = PBXFileReference; lastKnownFileType = wrapper.xcdatamodel; path = App_21.xcdatamodel; sourceTree = "<group>"; };
		B884F1BE1EF3B1F700A7C394 /* Assets.xcassets */ = {isa = PBXFileReference; lastKnownFileType = folder.assetcatalog; path = Assets.xcassets; sourceTree = "<group>"; };
		B884F1C11EF3B1F700A7C394 /* Base */ = {isa = PBXFileReference; lastKnownFileType = file.storyboard; name = Base; path = Base.lproj/LaunchScreen.storyboard; sourceTree = "<group>"; };
		B884F1C31EF3B1F700A7C394 /* Info.plist */ = {isa = PBXFileReference; lastKnownFileType = text.plist.xml; path = Info.plist; sourceTree = "<group>"; };
		B884F1CB1EF6BB6700A7C394 /* thanksScreenVC.swift */ = {isa = PBXFileReference; fileEncoding = 4; lastKnownFileType = sourcecode.swift; path = thanksScreenVC.swift; sourceTree = "<group>"; };
/* End PBXFileReference section */

/* Begin PBXFrameworksBuildPhase section */
		B884F1AE1EF3B1F700A7C394 /* Frameworks */ = {
			isa = PBXFrameworksBuildPhase;
			buildActionMask = 2147483647;
			files = (
			);
			runOnlyForDeploymentPostprocessing = 0;
		};
/* End PBXFrameworksBuildPhase section */

/* Begin PBXGroup section */
		B884F1A81EF3B1F700A7C394 = {
			isa = PBXGroup;
			children = (
				B884F1B31EF3B1F700A7C394 /* App 21 */,
				B884F1B21EF3B1F700A7C394 /* Products */,
			);
			sourceTree = "<group>";
		};
		B884F1B21EF3B1F700A7C394 /* Products */ = {
			isa = PBXGroup;
			children = (
				B884F1B11EF3B1F700A7C394 /* App 21.app */,
			);
			name = Products;
			sourceTree = "<group>";
		};
		B884F1B31EF3B1F700A7C394 /* App 21 */ = {
			isa = PBXGroup;
			children = (
				B884F1B41EF3B1F700A7C394 /* AppDelegate.swift */,
				B884F1CB1EF6BB6700A7C394 /* thanksScreenVC.swift */,
				B884F1BE1EF3B1F700A7C394 /* Assets.xcassets */,
				B884F1C01EF3B1F700A7C394 /* LaunchScreen.storyboard */,
				B884F1C31EF3B1F700A7C394 /* Info.plist */,
				B884F1BB1EF3B1F700A7C394 /* App_21.xcdatamodeld */,
			);
			path = "App 21";
			sourceTree = "<group>";
		};
/* End PBXGroup section */

/* Begin PBXNativeTarget section */
		B884F1B01EF3B1F700A7C394 /* App 21 */ = {
			isa = PBXNativeTarget;
			buildConfigurationList = B884F1C61EF3B1F700A7C394 /* Build configuration list for PBXNativeTarget "App 21" */;
			buildPhases = (
				B884F1AD1EF3B1F700A7C394 /* Sources */,
				B884F1AE1EF3B1F700A7C394 /* Frameworks */,
				B884F1AF1EF3B1F700A7C394 /* Resources */,
			);
			buildRules = (
			);
			dependencies = (
			);
			name = "App 21";
			productName = "App 21";
			productReference = B884F1B11EF3B1F700A7C394 /* App 21.app */;
			productType = "com.apple.product-type.application";
		};
/* End PBXNativeTarget section */

/* Begin PBXProject section */
		B884F1A91EF3B1F700A7C394 /* Project object */ = {
			isa = PBXProject;
			attributes = {
				LastSwiftUpdateCheck = 0830;
				LastUpgradeCheck = 0830;
				ORGANIZATIONNAME = kodamanlabs;
				TargetAttributes = {
					B884F1B01EF3B1F700A7C394 = {
						CreatedOnToolsVersion = 8.3;
						ProvisioningStyle = Automatic;
					};
				};
			};
			buildConfigurationList = B884F1AC1EF3B1F700A7C394 /* Build configuration list for PBXProject "App 21" */;
			compatibilityVersion = "Xcode 3.2";
			developmentRegion = English;
			hasScannedForEncodings = 0;
			knownRegions = (
				en,
				Base,
			);
			mainGroup = B884F1A81EF3B1F700A7C394;
			productRefGroup = B884F1B21EF3B1F700A7C394 /* Products */;
			projectDirPath = "";
			projectRoot = "";
			targets = (
				B884F1B01EF3B1F700A7C394 /* App 21 */,
			);
		};
/* End PBXProject section */

/* Begin PBXResourcesBuildPhase section */
		B884F1AF1EF3B1F700A7C394 /* Resources */ = {
			isa = PBXResourcesBuildPhase;
			buildActionMask = 2147483647;
			files = (
				B884F1C21EF3B1F700A7C394 /* LaunchScreen.storyboard in Resources */,
				B884F1BF1EF3B1F700A7C394 /* Assets.xcassets in Resources */,
			);
			runOnlyForDeploymentPostprocessing = 0;
		};
/* End PBXResourcesBuildPhase section */

/* Begin PBXSourcesBuildPhase section */
		B884F1AD1EF3B1F700A7C394 /* Sources */ = {
			isa = PBXSourcesBuildPhase;
			buildActionMask = 2147483647;
			files = (
				B884F1BD1EF3B1F700A7C394 /* App_21.xcdatamodeld in Sources */,
				B884F1CC1EF6BB6700A7C394 /* thanksScreenVC.swift in Sources */,
				B884F1B51EF3B1F700A7C394 /* AppDelegate.swift in Sources */,
			);
			runOnlyForDeploymentPostprocessing = 0;
		};
/* End PBXSourcesBuildPhase section */

/* Begin PBXVariantGroup section */
		B884F1C01EF3B1F700A7C394 /* LaunchScreen.storyboard */ = {
			isa = PBXVariantGroup;
			children = (
				B884F1C11EF3B1F700A7C394 /* Base */,
			);
			name = LaunchScreen.storyboard;
			sourceTree = "<group>";
		};
/* End PBXVariantGroup section */

/* Begin XCBuildConfiguration section */
		B884F1C41EF3B1F700A7C394 /* Debug */ = {
			isa = XCBuildConfiguration;
			buildSettings = {
				ALWAYS_SEARCH_USER_PATHS = NO;
				CLANG_ANALYZER_NONNULL = YES;
				CLANG_ANALYZER_NUMBER_OBJECT_CONVERSION = YES_AGGRESSIVE;
				CLANG_CXX_LANGUAGE_STANDARD = "gnu++0x";
				CLANG_CXX_LIBRARY = "libc++";
				CLANG_ENABLE_MODULES = YES;
				CLANG_ENABLE_OBJC_ARC = YES;
				CLANG_WARN_BOOL_CONVERSION = YES;
				CLANG_WARN_CONSTANT_CONVERSION = YES;
				CLANG_WARN_DIRECT_OBJC_ISA_USAGE = YES_ERROR;
				CLANG_WARN_DOCUMENTATION_COMMENTS = YES;
				CLANG_WARN_EMPTY_BODY = YES;
				CLANG_WARN_ENUM_CONVERSION = YES;
				CLANG_WARN_INFINITE_RECURSION = YES;
				CLANG_WARN_INT_CONVERSION = YES;
				CLANG_WARN_OBJC_ROOT_CLASS = YES_ERROR;
				CLANG_WARN_SUSPICIOUS_MOVE = YES;
				CLANG_WARN_UNREACHABLE_CODE = YES;
				CLANG_WARN__DUPLICATE_METHOD_MATCH = YES;
				"CODE_SIGN_IDENTITY[sdk=iphoneos*]" = "iPhone Developer";
				COPY_PHASE_STRIP = NO;
				DEBUG_INFORMATION_FORMAT = dwarf;
				ENABLE_STRICT_OBJC_MSGSEND = YES;
				ENABLE_TESTABILITY = YES;
				GCC_C_LANGUAGE_STANDARD = gnu99;
				GCC_DYNAMIC_NO_PIC = NO;
				GCC_NO_COMMON_BLOCKS = YES;
				GCC_OPTIMIZATION_LEVEL = 0;
				GCC_PREPROCESSOR_DEFINITIONS = (
					"DEBUG=1",
					"$(inherited)",
				);
				GCC_WARN_64_TO_32_BIT_CONVERSION = YES;
				GCC_WARN_ABOUT_RETURN_TYPE = YES_ERROR;
				GCC_WARN_UNDECLARED_SELECTOR = YES;
				GCC_WARN_UNINITIALIZED_AUTOS = YES_AGGRESSIVE;
				GCC_WARN_UNUSED_FUNCTION = YES;
				GCC_WARN_UNUSED_VARIABLE = YES;
				IPHONEOS_DEPLOYMENT_TARGET = 10.3;
				MTL_ENABLE_DEBUG_INFO = YES;
				ONLY_ACTIVE_ARCH = YES;
				SDKROOT = iphoneos;
				SWIFT_ACTIVE_COMPILATION_CONDITIONS = DEBUG;
				SWIFT_OPTIMIZATION_LEVEL = "-Onone";
			};
			name = Debug;
		};
		B884F1C51EF3B1F700A7C394 /* Release */ = {
			isa = XCBuildConfiguration;
			buildSettings = {
				ALWAYS_SEARCH_USER_PATHS = NO;
				CLANG_ANALYZER_NONNULL = YES;
				CLANG_ANALYZER_NUMBER_OBJECT_CONVERSION = YES_AGGRESSIVE;
				CLANG_CXX_LANGUAGE_STANDARD = "gnu++0x";
				CLANG_CXX_LIBRARY = "libc++";
				CLANG_ENABLE_MODULES = YES;
				CLANG_ENABLE_OBJC_ARC = YES;
				CLANG_WARN_BOOL_CONVERSION = YES;
				CLANG_WARN_CONSTANT_CONVERSION = YES;
				CLANG_WARN_DIRECT_OBJC_ISA_USAGE = YES_ERROR;
				CLANG_WARN_DOCUMENTATION_COMMENTS = YES;
				CLANG_WARN_EMPTY_BODY = YES;
				CLANG_WARN_ENUM_CONVERSION = YES;
				CLANG_WARN_INFINITE_RECURSION = YES;
				CLANG_WARN_INT_CONVERSION = YES;
				CLANG_WARN_OBJC_ROOT_CLASS = YES_ERROR;
				CLANG_WARN_SUSPICIOUS_MOVE = YES;
				CLANG_WARN_UNREACHABLE_CODE = YES;
				CLANG_WARN__DUPLICATE_METHOD_MATCH = YES;
				"CODE_SIGN_IDENTITY[sdk=iphoneos*]" = "iPhone Developer";
				COPY_PHASE_STRIP = NO;
				DEBUG_INFORMATION_FORMAT = "dwarf-with-dsym";
				ENABLE_NS_ASSERTIONS = NO;
				ENABLE_STRICT_OBJC_MSGSEND = YES;
				GCC_C_LANGUAGE_STANDARD = gnu99;
				GCC_NO_COMMON_BLOCKS = YES;
				GCC_WARN_64_TO_32_BIT_CONVERSION = YES;
				GCC_WARN_ABOUT_RETURN_TYPE = YES_ERROR;
				GCC_WARN_UNDECLARED_SELECTOR = YES;
				GCC_WARN_UNINITIALIZED_AUTOS = YES_AGGRESSIVE;
				GCC_WARN_UNUSED_FUNCTION = YES;
				GCC_WARN_UNUSED_VARIABLE = YES;
				IPHONEOS_DEPLOYMENT_TARGET = 10.3;
				MTL_ENABLE_DEBUG_INFO = NO;
				SDKROOT = iphoneos;
				SWIFT_OPTIMIZATION_LEVEL = "-Owholemodule";
				VALIDATE_PRODUCT = YES;
			};
			name = Release;
		};
		B884F1C71EF3B1F700A7C394 /* Debug */ = {
			isa = XCBuildConfiguration;
			buildSettings = {
				ASSETCATALOG_COMPILER_APPICON_NAME = AppIcon;
				INFOPLIST_FILE = "App 21/Info.plist";
				LD_RUNPATH_SEARCH_PATHS = "$(inherited) @executable_path/Frameworks";
				PRODUCT_BUNDLE_IDENTIFIER = "io.kodamanlabs.App-21";
				PRODUCT_NAME = "$(TARGET_NAME)";
				SWIFT_VERSION = 3.0;
			};
			name = Debug;
		};
		B884F1C81EF3B1F700A7C394 /* Release */ = {
			isa = XCBuildConfiguration;
			buildSettings = {
				ASSETCATALOG_COMPILER_APPICON_NAME = AppIcon;
				INFOPLIST_FILE = "App 21/Info.plist";
				LD_RUNPATH_SEARCH_PATHS = "$(inherited) @executable_path/Frameworks";
				PRODUCT_BUNDLE_IDENTIFIER = "io.kodamanlabs.App-21";
				PRODUCT_NAME = "$(TARGET_NAME)";
				SWIFT_VERSION = 3.0;
			};
			name = Release;
		};
/* End XCBuildConfiguration section */

/* Begin XCConfigurationList section */
		B884F1AC1EF3B1F700A7C394 /* Build configuration list for PBXProject "App 21" */ = {
			isa = XCConfigurationList;
			buildConfigurations = (
				B884F1C41EF3B1F700A7C394 /* Debug */,
				B884F1C51EF3B1F700A7C394 /* Release */,
			);
			defaultConfigurationIsVisible = 0;
			defaultConfigurationName = Release;
		};
		B884F1C61EF3B1F700A7C394 /* Build configuration list for PBXNativeTarget "App 21" */ = {
			isa = XCConfigurationList;
			buildConfigurations = (
				B884F1C71EF3B1F700A7C394 /* Debug */,
				B884F1C81EF3B1F700A7C394 /* Release */,
			);
			defaultConfigurationIsVisible = 0;
		};
/* End XCConfigurationList section */

/* Begin XCVersionGroup section */
		B884F1BB1EF3B1F700A7C394 /* App_21.xcdatamodeld */ = {
			isa = XCVersionGroup;
			children = (
				B884F1BC1EF3B1F700A7C394 /* App_21.xcdatamodel */,
			);
			currentVersion = B884F1BC1EF3B1F700A7C394 /* App_21.xcdatamodel */;
			path = App_21.xcdatamodeld;
			sourceTree = "<group>";
			versionGroupType = wrapper.xcdatamodel;
		};
/* End XCVersionGroup section */
	};
	rootObject = B884F1A91EF3B1F700A7C394 /* Project object */;
}
